// !$*UTF8*$!
{
	archiveVersion = 1;
	classes = {
	};
	objectVersion = 50;
	objects = {

/* Begin PBXBuildFile section */
		75F1F3662600F0B600601B91 /* AppDelegate.swift in Sources */ = {isa = PBXBuildFile; fileRef = 75F1F3652600F0B600601B91 /* AppDelegate.swift */; };
		75F1F3682600F0B600601B91 /* SceneDelegate.swift in Sources */ = {isa = PBXBuildFile; fileRef = 75F1F3672600F0B600601B91 /* SceneDelegate.swift */; };
		75F1F36A2600F0B600601B91 /* ContentView.swift in Sources */ = {isa = PBXBuildFile; fileRef = 75F1F3692600F0B600601B91 /* ContentView.swift */; };
		75F1F36D2600F0B600601B91 /* Food_ordering_app.xcdatamodeld in Sources */ = {isa = PBXBuildFile; fileRef = 75F1F36B2600F0B600601B91 /* Food_ordering_app.xcdatamodeld */; };
		75F1F36F2600F0B700601B91 /* Assets.xcassets in Resources */ = {isa = PBXBuildFile; fileRef = 75F1F36E2600F0B700601B91 /* Assets.xcassets */; };
		75F1F3722600F0B700601B91 /* Preview Assets.xcassets in Resources */ = {isa = PBXBuildFile; fileRef = 75F1F3712600F0B700601B91 /* Preview Assets.xcassets */; };
		75F1F3752600F0B700601B91 /* LaunchScreen.storyboard in Resources */ = {isa = PBXBuildFile; fileRef = 75F1F3732600F0B700601B91 /* LaunchScreen.storyboard */; };
		75F1F3812600F2D000601B91 /* Cart.swift in Sources */ = {isa = PBXBuildFile; fileRef = 75F1F3802600F2D000601B91 /* Cart.swift */; };
		75F1F3852600F33500601B91 /* HomeViewModel.swift in Sources */ = {isa = PBXBuildFile; fileRef = 75F1F3842600F33500601B91 /* HomeViewModel.swift */; };
		75F1F3882600F33F00601B91 /* Item.swift in Sources */ = {isa = PBXBuildFile; fileRef = 75F1F3872600F33F00601B91 /* Item.swift */; };
		75F1F38E2600F36400601B91 /* CartView.swift in Sources */ = {isa = PBXBuildFile; fileRef = 75F1F38A2600F36400601B91 /* CartView.swift */; };
		75F1F38F2600F36400601B91 /* ItemView.swift in Sources */ = {isa = PBXBuildFile; fileRef = 75F1F38B2600F36400601B91 /* ItemView.swift */; };
		75F1F3902600F36400601B91 /* Menu.swift in Sources */ = {isa = PBXBuildFile; fileRef = 75F1F38C2600F36400601B91 /* Menu.swift */; };
		75F1F3912600F36400601B91 /* Home.swift in Sources */ = {isa = PBXBuildFile; fileRef = 75F1F38D2600F36400601B91 /* Home.swift */; };
		75F1F3A62600F42D00601B91 /* Food_OrderingApp.swift in Sources */ = {isa = PBXBuildFile; fileRef = 75F1F3A52600F42D00601B91 /* Food_OrderingApp.swift */; };
/* End PBXBuildFile section */

/* Begin PBXFileReference section */
		75F1F3622600F0B600601B91 /* Food ordering app.app */ = {isa = PBXFileReference; explicitFileType = wrapper.application; includeInIndex = 0; path = "Food ordering app.app"; sourceTree = BUILT_PRODUCTS_DIR; };
		75F1F3652600F0B600601B91 /* AppDelegate.swift */ = {isa = PBXFileReference; lastKnownFileType = sourcecode.swift; path = AppDelegate.swift; sourceTree = "<group>"; };
		75F1F3672600F0B600601B91 /* SceneDelegate.swift */ = {isa = PBXFileReference; lastKnownFileType = sourcecode.swift; path = SceneDelegate.swift; sourceTree = "<group>"; };
		75F1F3692600F0B600601B91 /* ContentView.swift */ = {isa = PBXFileReference; lastKnownFileType = sourcecode.swift; path = ContentView.swift; sourceTree = "<group>"; };
		75F1F36C2600F0B600601B91 /* Food_ordering_app.xcdatamodel */ = {isa = PBXFileReference; lastKnownFileType = wrapper.xcdatamodel; path = Food_ordering_app.xcdatamodel; sourceTree = "<group>"; };
		75F1F36E2600F0B700601B91 /* Assets.xcassets */ = {isa = PBXFileReference; lastKnownFileType = folder.assetcatalog; path = Assets.xcassets; sourceTree = "<group>"; };
		75F1F3712600F0B700601B91 /* Preview Assets.xcassets */ = {isa = PBXFileReference; lastKnownFileType = folder.assetcatalog; path = "Preview Assets.xcassets"; sourceTree = "<group>"; };
		75F1F3742600F0B700601B91 /* Base */ = {isa = PBXFileReference; lastKnownFileType = file.storyboard; name = Base; path = Base.lproj/LaunchScreen.storyboard; sourceTree = "<group>"; };
		75F1F3762600F0B700601B91 /* Info.plist */ = {isa = PBXFileReference; lastKnownFileType = text.plist.xml; path = Info.plist; sourceTree = "<group>"; };
		75F1F3802600F2D000601B91 /* Cart.swift */ = {isa = PBXFileReference; fileEncoding = 4; lastKnownFileType = sourcecode.swift; path = Cart.swift; sourceTree = "<group>"; };
		75F1F3842600F33500601B91 /* HomeViewModel.swift */ = {isa = PBXFileReference; fileEncoding = 4; lastKnownFileType = sourcecode.swift; path = HomeViewModel.swift; sourceTree = "<group>"; };
		75F1F3872600F33F00601B91 /* Item.swift */ = {isa = PBXFileReference; fileEncoding = 4; lastKnownFileType = sourcecode.swift; path = Item.swift; sourceTree = "<group>"; };
		75F1F38A2600F36400601B91 /* CartView.swift */ = {isa = PBXFileReference; fileEncoding = 4; lastKnownFileType = sourcecode.swift; path = CartView.swift; sourceTree = "<group>"; };
		75F1F38B2600F36400601B91 /* ItemView.swift */ = {isa = PBXFileReference; fileEncoding = 4; lastKnownFileType = sourcecode.swift; path = ItemView.swift; sourceTree = "<group>"; };
		75F1F38C2600F36400601B91 /* Menu.swift */ = {isa = PBXFileReference; fileEncoding = 4; lastKnownFileType = sourcecode.swift; path = Menu.swift; sourceTree = "<group>"; };
		75F1F38D2600F36400601B91 /* Home.swift */ = {isa = PBXFileReference; fileEncoding = 4; lastKnownFileType = sourcecode.swift; path = Home.swift; sourceTree = "<group>"; };
		75F1F3A52600F42D00601B91 /* Food_OrderingApp.swift */ = {isa = PBXFileReference; lastKnownFileType = sourcecode.swift; path = Food_OrderingApp.swift; sourceTree = "<group>"; };
/* End PBXFileReference section */

/* Begin PBXFrameworksBuildPhase section */
		75F1F35F2600F0B600601B91 /* Frameworks */ = {
			isa = PBXFrameworksBuildPhase;
			buildActionMask = 2147483647;
			files = (
			);
			runOnlyForDeploymentPostprocessing = 0;
		};
/* End PBXFrameworksBuildPhase section */

/* Begin PBXGroup section */
		75F1F3592600F0B600601B91 = {
			isa = PBXGroup;
			children = (
				75F1F3642600F0B600601B91 /* Food ordering app */,
				75F1F3632600F0B600601B91 /* Products */,
			);
			sourceTree = "<group>";
		};
		75F1F3632600F0B600601B91 /* Products */ = {
			isa = PBXGroup;
			children = (
				75F1F3622600F0B600601B91 /* Food ordering app.app */,
			);
			name = Products;
			sourceTree = "<group>";
		};
		75F1F3642600F0B600601B91 /* Food ordering app */ = {
			isa = PBXGroup;
			children = (
				75F1F37F2600F2A900601B91 /* View */,
				75F1F37E2600F2A500601B91 /* ViewModel */,
				75F1F37D2600F2A200601B91 /* Model */,
				75F1F3652600F0B600601B91 /* AppDelegate.swift */,
				75F1F3672600F0B600601B91 /* SceneDelegate.swift */,
				75F1F3692600F0B600601B91 /* ContentView.swift */,
				75F1F36E2600F0B700601B91 /* Assets.xcassets */,
				75F1F3732600F0B700601B91 /* LaunchScreen.storyboard */,
				75F1F3762600F0B700601B91 /* Info.plist */,
				75F1F36B2600F0B600601B91 /* Food_ordering_app.xcdatamodeld */,
				75F1F3702600F0B700601B91 /* Preview Content */,
				75F1F3A52600F42D00601B91 /* Food_OrderingApp.swift */,
			);
			path = "Food ordering app";
			sourceTree = "<group>";
		};
		75F1F3702600F0B700601B91 /* Preview Content */ = {
			isa = PBXGroup;
			children = (
				75F1F3712600F0B700601B91 /* Preview Assets.xcassets */,
			);
			path = "Preview Content";
			sourceTree = "<group>";
		};
		75F1F37D2600F2A200601B91 /* Model */ = {
			isa = PBXGroup;
			children = (
				75F1F3872600F33F00601B91 /* Item.swift */,
				75F1F3802600F2D000601B91 /* Cart.swift */,
			);
			path = Model;
			sourceTree = "<group>";
		};
		75F1F37E2600F2A500601B91 /* ViewModel */ = {
			isa = PBXGroup;
			children = (
				75F1F3842600F33500601B91 /* HomeViewModel.swift */,
			);
			path = ViewModel;
			sourceTree = "<group>";
		};
		75F1F37F2600F2A900601B91 /* View */ = {
			isa = PBXGroup;
			children = (
				75F1F38A2600F36400601B91 /* CartView.swift */,
				75F1F38D2600F36400601B91 /* Home.swift */,
				75F1F38B2600F36400601B91 /* ItemView.swift */,
				75F1F38C2600F36400601B91 /* Menu.swift */,
			);
			path = View;
			sourceTree = "<group>";
		};
/* End PBXGroup section */

/* Begin PBXNativeTarget section */
		75F1F3612600F0B600601B91 /* Food ordering app */ = {
			isa = PBXNativeTarget;
			buildConfigurationList = 75F1F3792600F0B700601B91 /* Build configuration list for PBXNativeTarget "Food ordering app" */;
			buildPhases = (
				75F1F35E2600F0B600601B91 /* Sources */,
				75F1F35F2600F0B600601B91 /* Frameworks */,
				75F1F3602600F0B600601B91 /* Resources */,
			);
			buildRules = (
			);
			dependencies = (
			);
			name = "Food ordering app";
			productName = "Food ordering app";
			productReference = 75F1F3622600F0B600601B91 /* Food ordering app.app */;
			productType = "com.apple.product-type.application";
		};
/* End PBXNativeTarget section */

/* Begin PBXProject section */
		75F1F35A2600F0B600601B91 /* Project object */ = {
			isa = PBXProject;
			attributes = {
				LastSwiftUpdateCheck = 1230;
				LastUpgradeCheck = 1230;
				TargetAttributes = {
					75F1F3612600F0B600601B91 = {
						CreatedOnToolsVersion = 12.3;
					};
				};
			};
			buildConfigurationList = 75F1F35D2600F0B600601B91 /* Build configuration list for PBXProject "Food ordering app" */;
			compatibilityVersion = "Xcode 9.3";
			developmentRegion = en;
			hasScannedForEncodings = 0;
			knownRegions = (
				en,
				Base,
			);
			mainGroup = 75F1F3592600F0B600601B91;
			productRefGroup = 75F1F3632600F0B600601B91 /* Products */;
			projectDirPath = "";
			projectRoot = "";
			targets = (
				75F1F3612600F0B600601B91 /* Food ordering app */,
			);
		};
/* End PBXProject section */

/* Begin PBXResourcesBuildPhase section */
		75F1F3602600F0B600601B91 /* Resources */ = {
			isa = PBXResourcesBuildPhase;
			buildActionMask = 2147483647;
			files = (
				75F1F3752600F0B700601B91 /* LaunchScreen.storyboard in Resources */,
				75F1F3722600F0B700601B91 /* Preview Assets.xcassets in Resources */,
				75F1F36F2600F0B700601B91 /* Assets.xcassets in Resources */,
			);
			runOnlyForDeploymentPostprocessing = 0;
		};
/* End PBXResourcesBuildPhase section */

/* Begin PBXSourcesBuildPhase section */
		75F1F35E2600F0B600601B91 /* Sources */ = {
			isa = PBXSourcesBuildPhase;
			buildActionMask = 2147483647;
			files = (
				75F1F3662600F0B600601B91 /* AppDelegate.swift in Sources */,
				75F1F3852600F33500601B91 /* HomeViewModel.swift in Sources */,
				75F1F3682600F0B600601B91 /* SceneDelegate.swift in Sources */,
				75F1F3912600F36400601B91 /* Home.swift in Sources */,
				75F1F3812600F2D000601B91 /* Cart.swift in Sources */,
				75F1F3902600F36400601B91 /* Menu.swift in Sources */,
				75F1F38F2600F36400601B91 /* ItemView.swift in Sources */,
				75F1F3882600F33F00601B91 /* Item.swift in Sources */,
				75F1F36A2600F0B600601B91 /* ContentView.swift in Sources */,
				75F1F38E2600F36400601B91 /* CartView.swift in Sources */,
				75F1F36D2600F0B600601B91 /* Food_ordering_app.xcdatamodeld in Sources */,
				75F1F3A62600F42D00601B91 /* Food_OrderingApp.swift in Sources */,
			);
			runOnlyForDeploymentPostprocessing = 0;
		};
/* End PBXSourcesBuildPhase section */

/* Begin PBXVariantGroup section */
		75F1F3732600F0B700601B91 /* LaunchScreen.storyboard */ = {
			isa = PBXVariantGroup;
			children = (
				75F1F3742600F0B700601B91 /* Base */,
			);
			name = LaunchScreen.storyboard;
			sourceTree = "<group>";
		};
/* End PBXVariantGroup section */

/* Begin XCBuildConfiguration section */
		75F1F3772600F0B700601B91 /* Debug */ = {
			isa = XCBuildConfiguration;
			buildSettings = {
				ALWAYS_SEARCH_USER_PATHS = NO;
				CLANG_ANALYZER_NONNULL = YES;
				CLANG_ANALYZER_NUMBER_OBJECT_CONVERSION = YES_AGGRESSIVE;
				CLANG_CXX_LANGUAGE_STANDARD = "gnu++14";
				CLANG_CXX_LIBRARY = "libc++";
				CLANG_ENABLE_MODULES = YES;
				CLANG_ENABLE_OBJC_ARC = YES;
				CLANG_ENABLE_OBJC_WEAK = YES;
				CLANG_WARN_BLOCK_CAPTURE_AUTORELEASING = YES;
				CLANG_WARN_BOOL_CONVERSION = YES;
				CLANG_WARN_COMMA = YES;
				CLANG_WARN_CONSTANT_CONVERSION = YES;
				CLANG_WARN_DEPRECATED_OBJC_IMPLEMENTATIONS = YES;
				CLANG_WARN_DIRECT_OBJC_ISA_USAGE = YES_ERROR;
				CLANG_WARN_DOCUMENTATION_COMMENTS = YES;
				CLANG_WARN_EMPTY_BODY = YES;
				CLANG_WARN_ENUM_CONVERSION = YES;
				CLANG_WARN_INFINITE_RECURSION = YES;
				CLANG_WARN_INT_CONVERSION = YES;
				CLANG_WARN_NON_LITERAL_NULL_CONVERSION = YES;
				CLANG_WARN_OBJC_IMPLICIT_RETAIN_SELF = YES;
				CLANG_WARN_OBJC_LITERAL_CONVERSION = YES;
				CLANG_WARN_OBJC_ROOT_CLASS = YES_ERROR;
				CLANG_WARN_QUOTED_INCLUDE_IN_FRAMEWORK_HEADER = YES;
				CLANG_WARN_RANGE_LOOP_ANALYSIS = YES;
				CLANG_WARN_STRICT_PROTOTYPES = YES;
				CLANG_WARN_SUSPICIOUS_MOVE = YES;
				CLANG_WARN_UNGUARDED_AVAILABILITY = YES_AGGRESSIVE;
				CLANG_WARN_UNREACHABLE_CODE = YES;
				CLANG_WARN__DUPLICATE_METHOD_MATCH = YES;
				COPY_PHASE_STRIP = NO;
				DEBUG_INFORMATION_FORMAT = dwarf;
				ENABLE_STRICT_OBJC_MSGSEND = YES;
				ENABLE_TESTABILITY = YES;
				GCC_C_LANGUAGE_STANDARD = gnu11;
				GCC_DYNAMIC_NO_PIC = NO;
				GCC_NO_COMMON_BLOCKS = YES;
				GCC_OPTIMIZATION_LEVEL = 0;
				GCC_PREPROCESSOR_DEFINITIONS = (
					"DEBUG=1",
					"$(inherited)",
				);
				GCC_WARN_64_TO_32_BIT_CONVERSION = YES;
				GCC_WARN_ABOUT_RETURN_TYPE = YES_ERROR;
				GCC_WARN_UNDECLARED_SELECTOR = YES;
				GCC_WARN_UNINITIALIZED_AUTOS = YES_AGGRESSIVE;
				GCC_WARN_UNUSED_FUNCTION = YES;
				GCC_WARN_UNUSED_VARIABLE = YES;
				IPHONEOS_DEPLOYMENT_TARGET = 14.3;
				MTL_ENABLE_DEBUG_INFO = INCLUDE_SOURCE;
				MTL_FAST_MATH = YES;
				ONLY_ACTIVE_ARCH = YES;
				SDKROOT = iphoneos;
				SWIFT_ACTIVE_COMPILATION_CONDITIONS = DEBUG;
				SWIFT_OPTIMIZATION_LEVEL = "-Onone";
			};
			name = Debug;
		};
		75F1F3782600F0B700601B91 /* Release */ = {
			isa = XCBuildConfiguration;
			buildSettings = {
				ALWAYS_SEARCH_USER_PATHS = NO;
				CLANG_ANALYZER_NONNULL = YES;
				CLANG_ANALYZER_NUMBER_OBJECT_CONVERSION = YES_AGGRESSIVE;
				CLANG_CXX_LANGUAGE_STANDARD = "gnu++14";
				CLANG_CXX_LIBRARY = "libc++";
				CLANG_ENABLE_MODULES = YES;
				CLANG_ENABLE_OBJC_ARC = YES;
				CLANG_ENABLE_OBJC_WEAK = YES;
				CLANG_WARN_BLOCK_CAPTURE_AUTORELEASING = YES;
				CLANG_WARN_BOOL_CONVERSION = YES;
				CLANG_WARN_COMMA = YES;
				CLANG_WARN_CONSTANT_CONVERSION = YES;
				CLANG_WARN_DEPRECATED_OBJC_IMPLEMENTATIONS = YES;
				CLANG_WARN_DIRECT_OBJC_ISA_USAGE = YES_ERROR;
				CLANG_WARN_DOCUMENTATION_COMMENTS = YES;
				CLANG_WARN_EMPTY_BODY = YES;
				CLANG_WARN_ENUM_CONVERSION = YES;
				CLANG_WARN_INFINITE_RECURSION = YES;
				CLANG_WARN_INT_CONVERSION = YES;
				CLANG_WARN_NON_LITERAL_NULL_CONVERSION = YES;
				CLANG_WARN_OBJC_IMPLICIT_RETAIN_SELF = YES;
				CLANG_WARN_OBJC_LITERAL_CONVERSION = YES;
				CLANG_WARN_OBJC_ROOT_CLASS = YES_ERROR;
				CLANG_WARN_QUOTED_INCLUDE_IN_FRAMEWORK_HEADER = YES;
				CLANG_WARN_RANGE_LOOP_ANALYSIS = YES;
				CLANG_WARN_STRICT_PROTOTYPES = YES;
				CLANG_WARN_SUSPICIOUS_MOVE = YES;
				CLANG_WARN_UNGUARDED_AVAILABILITY = YES_AGGRESSIVE;
				CLANG_WARN_UNREACHABLE_CODE = YES;
				CLANG_WARN__DUPLICATE_METHOD_MATCH = YES;
				COPY_PHASE_STRIP = NO;
				DEBUG_INFORMATION_FORMAT = "dwarf-with-dsym";
				ENABLE_NS_ASSERTIONS = NO;
				ENABLE_STRICT_OBJC_MSGSEND = YES;
				GCC_C_LANGUAGE_STANDARD = gnu11;
				GCC_NO_COMMON_BLOCKS = YES;
				GCC_WARN_64_TO_32_BIT_CONVERSION = YES;
				GCC_WARN_ABOUT_RETURN_TYPE = YES_ERROR;
				GCC_WARN_UNDECLARED_SELECTOR = YES;
				GCC_WARN_UNINITIALIZED_AUTOS = YES_AGGRESSIVE;
				GCC_WARN_UNUSED_FUNCTION = YES;
				GCC_WARN_UNUSED_VARIABLE = YES;
				IPHONEOS_DEPLOYMENT_TARGET = 14.3;
				MTL_ENABLE_DEBUG_INFO = NO;
				MTL_FAST_MATH = YES;
				SDKROOT = iphoneos;
				SWIFT_COMPILATION_MODE = wholemodule;
				SWIFT_OPTIMIZATION_LEVEL = "-O";
				VALIDATE_PRODUCT = YES;
			};
			name = Release;
		};
		75F1F37A2600F0B700601B91 /* Debug */ = {
			isa = XCBuildConfiguration;
			buildSettings = {
				ASSETCATALOG_COMPILER_APPICON_NAME = AppIcon;
				ASSETCATALOG_COMPILER_GLOBAL_ACCENT_COLOR_NAME = AccentColor;
				CODE_SIGN_STYLE = Automatic;
				DEVELOPMENT_ASSET_PATHS = "\"Food ordering app/Preview Content\"";
				ENABLE_PREVIEWS = YES;
				INFOPLIST_FILE = "Food ordering app/Info.plist";
				LD_RUNPATH_SEARCH_PATHS = (
					"$(inherited)",
					"@executable_path/Frameworks",
				);
				PRODUCT_BUNDLE_IDENTIFIER = "albab-rpl-c.Food-ordering-app";
				PRODUCT_NAME = "$(TARGET_NAME)";
				SWIFT_VERSION = 5.0;
				TARGETED_DEVICE_FAMILY = "1,2";
			};
			name = Debug;
		};
		75F1F37B2600F0B700601B91 /* Release */ = {
			isa = XCBuildConfiguration;
			buildSettings = {
				ASSETCATALOG_COMPILER_APPICON_NAME = AppIcon;
				ASSETCATALOG_COMPILER_GLOBAL_ACCENT_COLOR_NAME = AccentColor;
				CODE_SIGN_STYLE = Automatic;
				DEVELOPMENT_ASSET_PATHS = "\"Food ordering app/Preview Content\"";
				ENABLE_PREVIEWS = YES;
				INFOPLIST_FILE = "Food ordering app/Info.plist";
				LD_RUNPATH_SEARCH_PATHS = (
					"$(inherited)",
					"@executable_path/Frameworks",
				);
				PRODUCT_BUNDLE_IDENTIFIER = "albab-rpl-c.Food-ordering-app";
				PRODUCT_NAME = "$(TARGET_NAME)";
				SWIFT_VERSION = 5.0;
				TARGETED_DEVICE_FAMILY = "1,2";
			};
			name = Release;
		};
/* End XCBuildConfiguration section */

/* Begin XCConfigurationList section */
		75F1F35D2600F0B600601B91 /* Build configuration list for PBXProject "Food ordering app" */ = {
			isa = XCConfigurationList;
			buildConfigurations = (
				75F1F3772600F0B700601B91 /* Debug */,
				75F1F3782600F0B700601B91 /* Release */,
			);
			defaultConfigurationIsVisible = 0;
			defaultConfigurationName = Release;
		};
		75F1F3792600F0B700601B91 /* Build configuration list for PBXNativeTarget "Food ordering app" */ = {
			isa = XCConfigurationList;
			buildConfigurations = (
				75F1F37A2600F0B700601B91 /* Debug */,
				75F1F37B2600F0B700601B91 /* Release */,
			);
			defaultConfigurationIsVisible = 0;
			defaultConfigurationName = Release;
		};
/* End XCConfigurationList section */

/* Begin XCVersionGroup section */
		75F1F36B2600F0B600601B91 /* Food_ordering_app.xcdatamodeld */ = {
			isa = XCVersionGroup;
			children = (
				75F1F36C2600F0B600601B91 /* Food_ordering_app.xcdatamodel */,
			);
			currentVersion = 75F1F36C2600F0B600601B91 /* Food_ordering_app.xcdatamodel */;
			path = Food_ordering_app.xcdatamodeld;
			sourceTree = "<group>";
			versionGroupType = wrapper.xcdatamodel;
		};
/* End XCVersionGroup section */
	};
	rootObject = 75F1F35A2600F0B600601B91 /* Project object */;
}
